
Microsoft Visual Studio Solution File, Format Version 12.00
# Visual Studio 15
Project("{FAE04EC0-301F-11D3-BF4B-00C04F79EFBC}") = "MyUnityShaderStudy", "Assembly-CSharp.csproj", "{2BB3066F-F907-DE56-6C21-3E30DFA44EBB}"
EndProject
Global
	GlobalSection(SolutionConfigurationPlatforms) = preSolution
		Debug|Any CPU = Debug|Any CPU
		Release|Any CPU = Release|Any CPU
	EndGlobalSection
	GlobalSection(ProjectConfigurationPlatforms) = postSolution
		{2BB3066F-F907-DE56-6C21-3E30DFA44EBB}.Debug|Any CPU.ActiveCfg = Debug|Any CPU
		{2BB3066F-F907-DE56-6C21-3E30DFA44EBB}.Debug|Any CPU.Build.0 = Debug|Any CPU
		{2BB3066F-F907-DE56-6C21-3E30DFA44EBB}.Release|Any CPU.ActiveCfg = Release|Any CPU
		{2BB3066F-F907-DE56-6C21-3E30DFA44EBB}.Release|Any CPU.Build.0 = Release|Any CPU
	EndGlobalSection
	GlobalSection(SolutionProperties) = preSolution
		HideSolutionNode = FALSE
	EndGlobalSection
EndGlobal
